
Microsoft Visual Studio Solution File, Format Version 12.00
# Visual Studio Version 16
VisualStudioVersion = 16.0.29806.167
MinimumVisualStudioVersion = 10.0.40219.1
Project("{FAE04EC0-301F-11D3-BF4B-00C04F79EFBC}") = "WebScrapper", "WebScrapper.csproj", "{FBD9A854-0A84-47B8-BECB-3FF9C9793326}"
EndProject
Global
	GlobalSection(SolutionConfigurationPlatforms) = preSolution
		Debug|Any CPU = Debug|Any CPU
		Release|Any CPU = Release|Any CPU
	EndGlobalSection
	GlobalSection(ProjectConfigurationPlatforms) = postSolution
		{FBD9A854-0A84-47B8-BECB-3FF9C9793326}.Debug|Any CPU.ActiveCfg = Debug|Any CPU
		{FBD9A854-0A84-47B8-BECB-3FF9C9793326}.Debug|Any CPU.Build.0 = Debug|Any CPU
		{FBD9A854-0A84-47B8-BECB-3FF9C9793326}.Release|Any CPU.ActiveCfg = Release|Any CPU
		{FBD9A854-0A84-47B8-BECB-3FF9C9793326}.Release|Any CPU.Build.0 = Release|Any CPU
	EndGlobalSection
	GlobalSection(SolutionProperties) = preSolution
		HideSolutionNode = FALSE
	EndGlobalSection
	GlobalSection(ExtensibilityGlobals) = postSolution
		SolutionGuid = {9D442333-C168-4E31-9D23-AD323D8B9424}
	EndGlobalSection
EndGlobal
